
Microsoft Visual Studio Solution File, Format Version 12.00
# Visual Studio Version 17
VisualStudioVersion = 17.11.35312.102
MinimumVisualStudioVersion = 10.0.40219.1
Project("{9A19103F-16F7-4668-BE54-9A1E7A4F7556}") = "BattleFight", "BattleFight.csproj", "{C1E17EE8-4AEF-4EED-B4DD-B7043A971889}"
EndProject
Global
	GlobalSection(SolutionConfigurationPlatforms) = preSolution
		Debug|Any CPU = Debug|Any CPU
		Release|Any CPU = Release|Any CPU
	EndGlobalSection
	GlobalSection(ProjectConfigurationPlatforms) = postSolution
		{C1E17EE8-4AEF-4EED-B4DD-B7043A971889}.Debug|Any CPU.ActiveCfg = Debug|Any CPU
		{C1E17EE8-4AEF-4EED-B4DD-B7043A971889}.Debug|Any CPU.Build.0 = Debug|Any CPU
		{C1E17EE8-4AEF-4EED-B4DD-B7043A971889}.Release|Any CPU.ActiveCfg = Release|Any CPU
		{C1E17EE8-4AEF-4EED-B4DD-B7043A971889}.Release|Any CPU.Build.0 = Release|Any CPU
	EndGlobalSection
	GlobalSection(SolutionProperties) = preSolution
		HideSolutionNode = FALSE
	EndGlobalSection
	GlobalSection(ExtensibilityGlobals) = postSolution
		SolutionGuid = {95584C04-F77D-47E9-8511-BD37D7774F84}
	EndGlobalSection
EndGlobal
